
Microsoft Visual Studio Solution File, Format Version 12.00
# Visual Studio 15
VisualStudioVersion = 15.0.27130.2027
MinimumVisualStudioVersion = 10.0.40219.1
Project("{9A19103F-16F7-4668-BE54-9A1E7A4F7556}") = "CIMOBProject", "CIMOBProject\CIMOBProject.csproj", "{D4E903CD-023D-4843-8D64-F69729351D19}"
EndProject
Project("{9A19103F-16F7-4668-BE54-9A1E7A4F7556}") = "XUnitTesting", "XUnitTesting\XUnitTesting.csproj", "{D62054C8-BFF6-4533-AD9C-29AC5A92DE96}"
EndProject
Project("{FAE04EC0-301F-11D3-BF4B-00C04F79EFBC}") = "BackOfficeWPF", "BackOfficeWPF\BackOfficeWPF.csproj", "{0D8CA2D2-32AD-4C94-9206-22E6EDE83343}"
EndProject
Project("{FAE04EC0-301F-11D3-BF4B-00C04F79EFBC}") = "WebAndLoadTestProject", "WebAndLoadTestProject\WebAndLoadTestProject.csproj", "{F3EC820D-C248-4CFA-AD45-7DEDC01FE3AF}"
EndProject
Project("{2150E333-8FDC-42A3-9474-1A3956D46DE8}") = "Solution Items", "Solution Items", "{39303655-FBD3-407E-B048-01803EB76ED3}"
	ProjectSection(SolutionItems) = preProject
		Local.testsettings = Local.testsettings
	EndProjectSection
EndProject
Global
	GlobalSection(SolutionConfigurationPlatforms) = preSolution
		Debug|Any CPU = Debug|Any CPU
		Release|Any CPU = Release|Any CPU
	EndGlobalSection
	GlobalSection(ProjectConfigurationPlatforms) = postSolution
		{D4E903CD-023D-4843-8D64-F69729351D19}.Debug|Any CPU.ActiveCfg = Debug|Any CPU
		{D4E903CD-023D-4843-8D64-F69729351D19}.Debug|Any CPU.Build.0 = Debug|Any CPU
		{D4E903CD-023D-4843-8D64-F69729351D19}.Release|Any CPU.ActiveCfg = Release|Any CPU
		{D4E903CD-023D-4843-8D64-F69729351D19}.Release|Any CPU.Build.0 = Release|Any CPU
		{D62054C8-BFF6-4533-AD9C-29AC5A92DE96}.Debug|Any CPU.ActiveCfg = Debug|Any CPU
		{D62054C8-BFF6-4533-AD9C-29AC5A92DE96}.Debug|Any CPU.Build.0 = Debug|Any CPU
		{D62054C8-BFF6-4533-AD9C-29AC5A92DE96}.Release|Any CPU.ActiveCfg = Release|Any CPU
		{D62054C8-BFF6-4533-AD9C-29AC5A92DE96}.Release|Any CPU.Build.0 = Release|Any CPU
		{0D8CA2D2-32AD-4C94-9206-22E6EDE83343}.Debug|Any CPU.ActiveCfg = Debug|Any CPU
		{0D8CA2D2-32AD-4C94-9206-22E6EDE83343}.Debug|Any CPU.Build.0 = Debug|Any CPU
		{0D8CA2D2-32AD-4C94-9206-22E6EDE83343}.Release|Any CPU.ActiveCfg = Release|Any CPU
		{0D8CA2D2-32AD-4C94-9206-22E6EDE83343}.Release|Any CPU.Build.0 = Release|Any CPU
		{F3EC820D-C248-4CFA-AD45-7DEDC01FE3AF}.Debug|Any CPU.ActiveCfg = Debug|Any CPU
		{F3EC820D-C248-4CFA-AD45-7DEDC01FE3AF}.Debug|Any CPU.Build.0 = Debug|Any CPU
		{F3EC820D-C248-4CFA-AD45-7DEDC01FE3AF}.Release|Any CPU.ActiveCfg = Release|Any CPU
		{F3EC820D-C248-4CFA-AD45-7DEDC01FE3AF}.Release|Any CPU.Build.0 = Release|Any CPU
	EndGlobalSection
	GlobalSection(SolutionProperties) = preSolution
		HideSolutionNode = FALSE
	EndGlobalSection
	GlobalSection(ExtensibilityGlobals) = postSolution
		SolutionGuid = {5A9FC5EA-EF6A-4426-8B51-9037D9DF97AE}
	EndGlobalSection
EndGlobal
